
Microsoft Visual Studio Solution File, Format Version 12.00
# Visual Studio Version 17
VisualStudioVersion = 17.4.33110.190
MinimumVisualStudioVersion = 10.0.40219.1
Project("{FAE04EC0-301F-11D3-BF4B-00C04F79EFBC}") = "AplicacionEFCore", "AplicacionEFCore\AplicacionEFCore.csproj", "{5E1AE978-0883-4A1E-8458-A5072D2F93B9}"
EndProject
Global
	GlobalSection(SolutionConfigurationPlatforms) = preSolution
		Debug|Any CPU = Debug|Any CPU
		Release|Any CPU = Release|Any CPU
	EndGlobalSection
	GlobalSection(ProjectConfigurationPlatforms) = postSolution
		{5E1AE978-0883-4A1E-8458-A5072D2F93B9}.Debug|Any CPU.ActiveCfg = Debug|Any CPU
		{5E1AE978-0883-4A1E-8458-A5072D2F93B9}.Debug|Any CPU.Build.0 = Debug|Any CPU
		{5E1AE978-0883-4A1E-8458-A5072D2F93B9}.Release|Any CPU.ActiveCfg = Release|Any CPU
		{5E1AE978-0883-4A1E-8458-A5072D2F93B9}.Release|Any CPU.Build.0 = Release|Any CPU
	EndGlobalSection
	GlobalSection(SolutionProperties) = preSolution
		HideSolutionNode = FALSE
	EndGlobalSection
	GlobalSection(ExtensibilityGlobals) = postSolution
		SolutionGuid = {2D7CEE2B-C07B-46B4-A20D-9FA3CA7C02AD}
	EndGlobalSection
EndGlobal
